
Microsoft Visual Studio Solution File, Format Version 12.00
# Visual Studio 15
VisualStudioVersion = 15.0.26206.0
MinimumVisualStudioVersion = 10.0.40219.1
Project("{FAE04EC0-301F-11D3-BF4B-00C04F79EFBC}") = "WorkoutWitness.Core", "WorkoutWitness.Core\WorkoutWitness.Core.csproj", "{F76AB4BA-6337-41B1-A3D9-7D0EC0894ADC}"
EndProject
Project("{FAE04EC0-301F-11D3-BF4B-00C04F79EFBC}") = "WorkoutWitness.Accessors", "WorkoutWitness.Accessors\WorkoutWitness.Accessors.csproj", "{FF68E25F-2CE8-4570-ACED-B5C0281525FC}"
EndProject
Project("{FAE04EC0-301F-11D3-BF4B-00C04F79EFBC}") = "WorkoutWitness.Engines", "WorkoutWitness.Engines\WorkoutWitness.Engines.csproj", "{103516D3-853B-4A85-AAB6-DD86334EECE3}"
EndProject
Project("{FAE04EC0-301F-11D3-BF4B-00C04F79EFBC}") = "WorkoutWitness.Web", "WorkoutWitness.Web\WorkoutWitness.Web.csproj", "{96F312B8-CC51-4D7A-A53C-1A1ADB413462}"
	ProjectSection(ProjectDependencies) = postProject
		{FF68E25F-2CE8-4570-ACED-B5C0281525FC} = {FF68E25F-2CE8-4570-ACED-B5C0281525FC}
		{F76AB4BA-6337-41B1-A3D9-7D0EC0894ADC} = {F76AB4BA-6337-41B1-A3D9-7D0EC0894ADC}
		{103516D3-853B-4A85-AAB6-DD86334EECE3} = {103516D3-853B-4A85-AAB6-DD86334EECE3}
	EndProjectSection
EndProject
Global
	GlobalSection(SolutionConfigurationPlatforms) = preSolution
		Debug|Any CPU = Debug|Any CPU
		Debug|x64 = Debug|x64
		Debug|x86 = Debug|x86
		Release|Any CPU = Release|Any CPU
		Release|x64 = Release|x64
		Release|x86 = Release|x86
	EndGlobalSection
	GlobalSection(ProjectConfigurationPlatforms) = postSolution
		{F76AB4BA-6337-41B1-A3D9-7D0EC0894ADC}.Debug|Any CPU.ActiveCfg = Debug|Any CPU
		{F76AB4BA-6337-41B1-A3D9-7D0EC0894ADC}.Debug|Any CPU.Build.0 = Debug|Any CPU
		{F76AB4BA-6337-41B1-A3D9-7D0EC0894ADC}.Debug|x64.ActiveCfg = Debug|x64
		{F76AB4BA-6337-41B1-A3D9-7D0EC0894ADC}.Debug|x64.Build.0 = Debug|x64
		{F76AB4BA-6337-41B1-A3D9-7D0EC0894ADC}.Debug|x86.ActiveCfg = Debug|x86
		{F76AB4BA-6337-41B1-A3D9-7D0EC0894ADC}.Debug|x86.Build.0 = Debug|x86
		{F76AB4BA-6337-41B1-A3D9-7D0EC0894ADC}.Release|Any CPU.ActiveCfg = Release|Any CPU
		{F76AB4BA-6337-41B1-A3D9-7D0EC0894ADC}.Release|Any CPU.Build.0 = Release|Any CPU
		{F76AB4BA-6337-41B1-A3D9-7D0EC0894ADC}.Release|x64.ActiveCfg = Release|x64
		{F76AB4BA-6337-41B1-A3D9-7D0EC0894ADC}.Release|x64.Build.0 = Release|x64
		{F76AB4BA-6337-41B1-A3D9-7D0EC0894ADC}.Release|x86.ActiveCfg = Release|x86
		{F76AB4BA-6337-41B1-A3D9-7D0EC0894ADC}.Release|x86.Build.0 = Release|x86
		{FF68E25F-2CE8-4570-ACED-B5C0281525FC}.Debug|Any CPU.ActiveCfg = Debug|Any CPU
		{FF68E25F-2CE8-4570-ACED-B5C0281525FC}.Debug|Any CPU.Build.0 = Debug|Any CPU
		{FF68E25F-2CE8-4570-ACED-B5C0281525FC}.Debug|x64.ActiveCfg = Debug|x64
		{FF68E25F-2CE8-4570-ACED-B5C0281525FC}.Debug|x64.Build.0 = Debug|x64
		{FF68E25F-2CE8-4570-ACED-B5C0281525FC}.Debug|x86.ActiveCfg = Debug|x86
		{FF68E25F-2CE8-4570-ACED-B5C0281525FC}.Debug|x86.Build.0 = Debug|x86
		{FF68E25F-2CE8-4570-ACED-B5C0281525FC}.Release|Any CPU.ActiveCfg = Release|Any CPU
		{FF68E25F-2CE8-4570-ACED-B5C0281525FC}.Release|Any CPU.Build.0 = Release|Any CPU
		{FF68E25F-2CE8-4570-ACED-B5C0281525FC}.Release|x64.ActiveCfg = Release|x64
		{FF68E25F-2CE8-4570-ACED-B5C0281525FC}.Release|x64.Build.0 = Release|x64
		{FF68E25F-2CE8-4570-ACED-B5C0281525FC}.Release|x86.ActiveCfg = Release|x86
		{FF68E25F-2CE8-4570-ACED-B5C0281525FC}.Release|x86.Build.0 = Release|x86
		{103516D3-853B-4A85-AAB6-DD86334EECE3}.Debug|Any CPU.ActiveCfg = Debug|Any CPU
		{103516D3-853B-4A85-AAB6-DD86334EECE3}.Debug|Any CPU.Build.0 = Debug|Any CPU
		{103516D3-853B-4A85-AAB6-DD86334EECE3}.Debug|x64.ActiveCfg = Debug|x64
		{103516D3-853B-4A85-AAB6-DD86334EECE3}.Debug|x64.Build.0 = Debug|x64
		{103516D3-853B-4A85-AAB6-DD86334EECE3}.Debug|x86.ActiveCfg = Debug|x86
		{103516D3-853B-4A85-AAB6-DD86334EECE3}.Debug|x86.Build.0 = Debug|x86
		{103516D3-853B-4A85-AAB6-DD86334EECE3}.Release|Any CPU.ActiveCfg = Release|Any CPU
		{103516D3-853B-4A85-AAB6-DD86334EECE3}.Release|Any CPU.Build.0 = Release|Any CPU
		{103516D3-853B-4A85-AAB6-DD86334EECE3}.Release|x64.ActiveCfg = Release|x64
		{103516D3-853B-4A85-AAB6-DD86334EECE3}.Release|x64.Build.0 = Release|x64
		{103516D3-853B-4A85-AAB6-DD86334EECE3}.Release|x86.ActiveCfg = Release|x86
		{103516D3-853B-4A85-AAB6-DD86334EECE3}.Release|x86.Build.0 = Release|x86
		{96F312B8-CC51-4D7A-A53C-1A1ADB413462}.Debug|Any CPU.ActiveCfg = Debug|Any CPU
		{96F312B8-CC51-4D7A-A53C-1A1ADB413462}.Debug|Any CPU.Build.0 = Debug|Any CPU
		{96F312B8-CC51-4D7A-A53C-1A1ADB413462}.Debug|x64.ActiveCfg = Debug|x64
		{96F312B8-CC51-4D7A-A53C-1A1ADB413462}.Debug|x64.Build.0 = Debug|x64
		{96F312B8-CC51-4D7A-A53C-1A1ADB413462}.Debug|x86.ActiveCfg = Debug|x86
		{96F312B8-CC51-4D7A-A53C-1A1ADB413462}.Debug|x86.Build.0 = Debug|x86
		{96F312B8-CC51-4D7A-A53C-1A1ADB413462}.Release|Any CPU.ActiveCfg = Release|Any CPU
		{96F312B8-CC51-4D7A-A53C-1A1ADB413462}.Release|Any CPU.Build.0 = Release|Any CPU
		{96F312B8-CC51-4D7A-A53C-1A1ADB413462}.Release|x64.ActiveCfg = Release|x64
		{96F312B8-CC51-4D7A-A53C-1A1ADB413462}.Release|x64.Build.0 = Release|x64
		{96F312B8-CC51-4D7A-A53C-1A1ADB413462}.Release|x86.ActiveCfg = Release|x86
		{96F312B8-CC51-4D7A-A53C-1A1ADB413462}.Release|x86.Build.0 = Release|x86
	EndGlobalSection
	GlobalSection(SolutionProperties) = preSolution
		HideSolutionNode = FALSE
	EndGlobalSection
EndGlobal
