
Microsoft Visual Studio Solution File, Format Version 12.00
# Visual Studio 15
VisualStudioVersion = 15.0.26730.10
MinimumVisualStudioVersion = 10.0.40219.1
Project("{9A19103F-16F7-4668-BE54-9A1E7A4F7556}") = "WorkoutWitness.Models", "WorkoutWitness.Models\WorkoutWitness.Models.csproj", "{FF8C348A-EEF6-4CC0-92EE-322EE7392F49}"
EndProject
Project("{9A19103F-16F7-4668-BE54-9A1E7A4F7556}") = "WorkoutWitness.Interfaces", "WorkoutWitness.Interfaces\WorkoutWitness.Interfaces.csproj", "{6205CB0E-146B-46FC-99FD-1318B39C4949}"
EndProject
Project("{9A19103F-16F7-4668-BE54-9A1E7A4F7556}") = "WorkoutWitness.Accessors", "WorkoutWitness.Accessors\WorkoutWitness.Accessors.csproj", "{2B547D75-96C7-4B61-AFB4-A2CA6684D9CF}"
EndProject
Project("{9A19103F-16F7-4668-BE54-9A1E7A4F7556}") = "WorkoutWitness.Engines", "WorkoutWitness.Engines\WorkoutWitness.Engines.csproj", "{F8516BDA-DB40-4540-A11F-50078B58420C}"
EndProject
Project("{9A19103F-16F7-4668-BE54-9A1E7A4F7556}") = "WorkoutWitness.Helpers", "WorkoutWitness.Helpers\WorkoutWitness.Helpers.csproj", "{327615E5-2B2E-418B-B951-DED08E75F32C}"
EndProject
Project("{FAE04EC0-301F-11D3-BF4B-00C04F79EFBC}") = "WorkoutWitness.Web", "WorkoutWitness.Web\WorkoutWitness.Web.csproj", "{C8209903-E4FC-48C1-8B10-DB4C7D58B9FE}"
EndProject
Global
	GlobalSection(SolutionConfigurationPlatforms) = preSolution
		Debug|Any CPU = Debug|Any CPU
		Debug|x64 = Debug|x64
		Debug|x86 = Debug|x86
		Release|Any CPU = Release|Any CPU
		Release|x64 = Release|x64
		Release|x86 = Release|x86
	EndGlobalSection
	GlobalSection(ProjectConfigurationPlatforms) = postSolution
		{FF8C348A-EEF6-4CC0-92EE-322EE7392F49}.Debug|Any CPU.ActiveCfg = Debug|Any CPU
		{FF8C348A-EEF6-4CC0-92EE-322EE7392F49}.Debug|Any CPU.Build.0 = Debug|Any CPU
		{FF8C348A-EEF6-4CC0-92EE-322EE7392F49}.Debug|x64.ActiveCfg = Debug|Any CPU
		{FF8C348A-EEF6-4CC0-92EE-322EE7392F49}.Debug|x64.Build.0 = Debug|Any CPU
		{FF8C348A-EEF6-4CC0-92EE-322EE7392F49}.Debug|x86.ActiveCfg = Debug|Any CPU
		{FF8C348A-EEF6-4CC0-92EE-322EE7392F49}.Debug|x86.Build.0 = Debug|Any CPU
		{FF8C348A-EEF6-4CC0-92EE-322EE7392F49}.Release|Any CPU.ActiveCfg = Release|Any CPU
		{FF8C348A-EEF6-4CC0-92EE-322EE7392F49}.Release|Any CPU.Build.0 = Release|Any CPU
		{FF8C348A-EEF6-4CC0-92EE-322EE7392F49}.Release|x64.ActiveCfg = Release|Any CPU
		{FF8C348A-EEF6-4CC0-92EE-322EE7392F49}.Release|x64.Build.0 = Release|Any CPU
		{FF8C348A-EEF6-4CC0-92EE-322EE7392F49}.Release|x86.ActiveCfg = Release|Any CPU
		{FF8C348A-EEF6-4CC0-92EE-322EE7392F49}.Release|x86.Build.0 = Release|Any CPU
		{6205CB0E-146B-46FC-99FD-1318B39C4949}.Debug|Any CPU.ActiveCfg = Debug|Any CPU
		{6205CB0E-146B-46FC-99FD-1318B39C4949}.Debug|Any CPU.Build.0 = Debug|Any CPU
		{6205CB0E-146B-46FC-99FD-1318B39C4949}.Debug|x64.ActiveCfg = Debug|Any CPU
		{6205CB0E-146B-46FC-99FD-1318B39C4949}.Debug|x64.Build.0 = Debug|Any CPU
		{6205CB0E-146B-46FC-99FD-1318B39C4949}.Debug|x86.ActiveCfg = Debug|Any CPU
		{6205CB0E-146B-46FC-99FD-1318B39C4949}.Debug|x86.Build.0 = Debug|Any CPU
		{6205CB0E-146B-46FC-99FD-1318B39C4949}.Release|Any CPU.ActiveCfg = Release|Any CPU
		{6205CB0E-146B-46FC-99FD-1318B39C4949}.Release|Any CPU.Build.0 = Release|Any CPU
		{6205CB0E-146B-46FC-99FD-1318B39C4949}.Release|x64.ActiveCfg = Release|Any CPU
		{6205CB0E-146B-46FC-99FD-1318B39C4949}.Release|x64.Build.0 = Release|Any CPU
		{6205CB0E-146B-46FC-99FD-1318B39C4949}.Release|x86.ActiveCfg = Release|Any CPU
		{6205CB0E-146B-46FC-99FD-1318B39C4949}.Release|x86.Build.0 = Release|Any CPU
		{2B547D75-96C7-4B61-AFB4-A2CA6684D9CF}.Debug|Any CPU.ActiveCfg = Debug|Any CPU
		{2B547D75-96C7-4B61-AFB4-A2CA6684D9CF}.Debug|Any CPU.Build.0 = Debug|Any CPU
		{2B547D75-96C7-4B61-AFB4-A2CA6684D9CF}.Debug|x64.ActiveCfg = Debug|Any CPU
		{2B547D75-96C7-4B61-AFB4-A2CA6684D9CF}.Debug|x64.Build.0 = Debug|Any CPU
		{2B547D75-96C7-4B61-AFB4-A2CA6684D9CF}.Debug|x86.ActiveCfg = Debug|Any CPU
		{2B547D75-96C7-4B61-AFB4-A2CA6684D9CF}.Debug|x86.Build.0 = Debug|Any CPU
		{2B547D75-96C7-4B61-AFB4-A2CA6684D9CF}.Release|Any CPU.ActiveCfg = Release|Any CPU
		{2B547D75-96C7-4B61-AFB4-A2CA6684D9CF}.Release|Any CPU.Build.0 = Release|Any CPU
		{2B547D75-96C7-4B61-AFB4-A2CA6684D9CF}.Release|x64.ActiveCfg = Release|Any CPU
		{2B547D75-96C7-4B61-AFB4-A2CA6684D9CF}.Release|x64.Build.0 = Release|Any CPU
		{2B547D75-96C7-4B61-AFB4-A2CA6684D9CF}.Release|x86.ActiveCfg = Release|Any CPU
		{2B547D75-96C7-4B61-AFB4-A2CA6684D9CF}.Release|x86.Build.0 = Release|Any CPU
		{F8516BDA-DB40-4540-A11F-50078B58420C}.Debug|Any CPU.ActiveCfg = Debug|Any CPU
		{F8516BDA-DB40-4540-A11F-50078B58420C}.Debug|Any CPU.Build.0 = Debug|Any CPU
		{F8516BDA-DB40-4540-A11F-50078B58420C}.Debug|x64.ActiveCfg = Debug|Any CPU
		{F8516BDA-DB40-4540-A11F-50078B58420C}.Debug|x64.Build.0 = Debug|Any CPU
		{F8516BDA-DB40-4540-A11F-50078B58420C}.Debug|x86.ActiveCfg = Debug|Any CPU
		{F8516BDA-DB40-4540-A11F-50078B58420C}.Debug|x86.Build.0 = Debug|Any CPU
		{F8516BDA-DB40-4540-A11F-50078B58420C}.Release|Any CPU.ActiveCfg = Release|Any CPU
		{F8516BDA-DB40-4540-A11F-50078B58420C}.Release|Any CPU.Build.0 = Release|Any CPU
		{F8516BDA-DB40-4540-A11F-50078B58420C}.Release|x64.ActiveCfg = Release|Any CPU
		{F8516BDA-DB40-4540-A11F-50078B58420C}.Release|x64.Build.0 = Release|Any CPU
		{F8516BDA-DB40-4540-A11F-50078B58420C}.Release|x86.ActiveCfg = Release|Any CPU
		{F8516BDA-DB40-4540-A11F-50078B58420C}.Release|x86.Build.0 = Release|Any CPU
		{327615E5-2B2E-418B-B951-DED08E75F32C}.Debug|Any CPU.ActiveCfg = Debug|Any CPU
		{327615E5-2B2E-418B-B951-DED08E75F32C}.Debug|Any CPU.Build.0 = Debug|Any CPU
		{327615E5-2B2E-418B-B951-DED08E75F32C}.Debug|x64.ActiveCfg = Debug|Any CPU
		{327615E5-2B2E-418B-B951-DED08E75F32C}.Debug|x64.Build.0 = Debug|Any CPU
		{327615E5-2B2E-418B-B951-DED08E75F32C}.Debug|x86.ActiveCfg = Debug|Any CPU
		{327615E5-2B2E-418B-B951-DED08E75F32C}.Debug|x86.Build.0 = Debug|Any CPU
		{327615E5-2B2E-418B-B951-DED08E75F32C}.Release|Any CPU.ActiveCfg = Release|Any CPU
		{327615E5-2B2E-418B-B951-DED08E75F32C}.Release|Any CPU.Build.0 = Release|Any CPU
		{327615E5-2B2E-418B-B951-DED08E75F32C}.Release|x64.ActiveCfg = Release|Any CPU
		{327615E5-2B2E-418B-B951-DED08E75F32C}.Release|x64.Build.0 = Release|Any CPU
		{327615E5-2B2E-418B-B951-DED08E75F32C}.Release|x86.ActiveCfg = Release|Any CPU
		{327615E5-2B2E-418B-B951-DED08E75F32C}.Release|x86.Build.0 = Release|Any CPU
		{C8209903-E4FC-48C1-8B10-DB4C7D58B9FE}.Debug|Any CPU.ActiveCfg = Debug|Any CPU
		{C8209903-E4FC-48C1-8B10-DB4C7D58B9FE}.Debug|Any CPU.Build.0 = Debug|Any CPU
		{C8209903-E4FC-48C1-8B10-DB4C7D58B9FE}.Debug|x64.ActiveCfg = Debug|Any CPU
		{C8209903-E4FC-48C1-8B10-DB4C7D58B9FE}.Debug|x64.Build.0 = Debug|Any CPU
		{C8209903-E4FC-48C1-8B10-DB4C7D58B9FE}.Debug|x86.ActiveCfg = Debug|Any CPU
		{C8209903-E4FC-48C1-8B10-DB4C7D58B9FE}.Debug|x86.Build.0 = Debug|Any CPU
		{C8209903-E4FC-48C1-8B10-DB4C7D58B9FE}.Release|Any CPU.ActiveCfg = Release|Any CPU
		{C8209903-E4FC-48C1-8B10-DB4C7D58B9FE}.Release|Any CPU.Build.0 = Release|Any CPU
		{C8209903-E4FC-48C1-8B10-DB4C7D58B9FE}.Release|x64.ActiveCfg = Release|Any CPU
		{C8209903-E4FC-48C1-8B10-DB4C7D58B9FE}.Release|x64.Build.0 = Release|Any CPU
		{C8209903-E4FC-48C1-8B10-DB4C7D58B9FE}.Release|x86.ActiveCfg = Release|Any CPU
		{C8209903-E4FC-48C1-8B10-DB4C7D58B9FE}.Release|x86.Build.0 = Release|Any CPU
		{E788228F-031B-4534-8B32-89791A3A7A7B}.Debug|Any CPU.ActiveCfg = Debug|Any CPU
		{E788228F-031B-4534-8B32-89791A3A7A7B}.Debug|Any CPU.Build.0 = Debug|Any CPU
		{E788228F-031B-4534-8B32-89791A3A7A7B}.Debug|x64.ActiveCfg = Debug|Any CPU
		{E788228F-031B-4534-8B32-89791A3A7A7B}.Debug|x64.Build.0 = Debug|Any CPU
		{E788228F-031B-4534-8B32-89791A3A7A7B}.Debug|x86.ActiveCfg = Debug|Any CPU
		{E788228F-031B-4534-8B32-89791A3A7A7B}.Debug|x86.Build.0 = Debug|Any CPU
		{E788228F-031B-4534-8B32-89791A3A7A7B}.Release|Any CPU.ActiveCfg = Release|Any CPU
		{E788228F-031B-4534-8B32-89791A3A7A7B}.Release|Any CPU.Build.0 = Release|Any CPU
		{E788228F-031B-4534-8B32-89791A3A7A7B}.Release|x64.ActiveCfg = Release|Any CPU
		{E788228F-031B-4534-8B32-89791A3A7A7B}.Release|x64.Build.0 = Release|Any CPU
		{E788228F-031B-4534-8B32-89791A3A7A7B}.Release|x86.ActiveCfg = Release|Any CPU
		{E788228F-031B-4534-8B32-89791A3A7A7B}.Release|x86.Build.0 = Release|Any CPU
		{80C43C19-24E5-4F31-ACD9-3CD821365E39}.Debug|Any CPU.ActiveCfg = Debug|Any CPU
		{80C43C19-24E5-4F31-ACD9-3CD821365E39}.Debug|Any CPU.Build.0 = Debug|Any CPU
		{80C43C19-24E5-4F31-ACD9-3CD821365E39}.Debug|x64.ActiveCfg = Debug|Any CPU
		{80C43C19-24E5-4F31-ACD9-3CD821365E39}.Debug|x64.Build.0 = Debug|Any CPU
		{80C43C19-24E5-4F31-ACD9-3CD821365E39}.Debug|x86.ActiveCfg = Debug|Any CPU
		{80C43C19-24E5-4F31-ACD9-3CD821365E39}.Debug|x86.Build.0 = Debug|Any CPU
		{80C43C19-24E5-4F31-ACD9-3CD821365E39}.Release|Any CPU.ActiveCfg = Release|Any CPU
		{80C43C19-24E5-4F31-ACD9-3CD821365E39}.Release|Any CPU.Build.0 = Release|Any CPU
		{80C43C19-24E5-4F31-ACD9-3CD821365E39}.Release|x64.ActiveCfg = Release|Any CPU
		{80C43C19-24E5-4F31-ACD9-3CD821365E39}.Release|x64.Build.0 = Release|Any CPU
		{80C43C19-24E5-4F31-ACD9-3CD821365E39}.Release|x86.ActiveCfg = Release|Any CPU
		{80C43C19-24E5-4F31-ACD9-3CD821365E39}.Release|x86.Build.0 = Release|Any CPU
	EndGlobalSection
	GlobalSection(SolutionProperties) = preSolution
		HideSolutionNode = FALSE
	EndGlobalSection
	GlobalSection(ExtensibilityGlobals) = postSolution
		SolutionGuid = {76CE7AE4-4B68-40D0-8ABF-5FF2912A8312}
	EndGlobalSection
EndGlobal
